# @generated by Move, please check-in and do not edit manually.

[move]
version = 3
manifest_digest = "0C473D19531CC41EFE1F08200AE3DCD5E89EFC8659121269E239DFE403729283"
deps_digest = "F8BBB0CCB2491CA29A3DF03D6F92277A4F3574266507ACD77214D37ECA3F3082"
dependencies = [
  { id = "Sui", name = "Sui" },
]

[[move.package]]
id = "MoveStdlib"
source = { git = "https://github.com/MystenLabs/sui.git", rev = "framework/testnet", subdir = "crates/sui-framework/packages/move-stdlib" }

[[move.package]]
id = "Sui"
source = { git = "https://github.com/MystenLabs/sui.git", rev = "framework/testnet", subdir = "crates/sui-framework/packages/sui-framework" }

dependencies = [
  { id = "MoveStdlib", name = "MoveStdlib" },
]

[move.toolchain-version]
compiler-version = "1.43.0"
edition = "2024.beta"
flavor = "sui"

[env]

[env.devnet]
chain-id = "c7d33c3f"
original-published-id = "0x4405eb13e725040f4f05e016434212ca7fd5ce72bba48ed16aa5eef021b53c44"
latest-published-id = "0x4405eb13e725040f4f05e016434212ca7fd5ce72bba48ed16aa5eef021b53c44"
published-version = "1"
